
Microsoft Visual Studio Solution File, Format Version 12.00
# Visual Studio 15
VisualStudioVersion = 15.0.27428.2005
MinimumVisualStudioVersion = 10.0.40219.1
Project("{9A19103F-16F7-4668-BE54-9A1E7A4F7556}") = "Demo", "e\Demo.csproj", "{1D46E838-3416-43AB-A141-9CB6DB22C6F6}"
EndProject
Global
	GlobalSection(SolutionConfigurationPlatforms) = preSolution
		Debug|Any CPU = Debug|Any CPU
		Release|Any CPU = Release|Any CPU
	EndGlobalSection
	GlobalSection(ProjectConfigurationPlatforms) = postSolution
		{1D46E838-3416-43AB-A141-9CB6DB22C6F6}.Debug|Any CPU.ActiveCfg = Debug|Any CPU
		{1D46E838-3416-43AB-A141-9CB6DB22C6F6}.Debug|Any CPU.Build.0 = Debug|Any CPU
		{1D46E838-3416-43AB-A141-9CB6DB22C6F6}.Release|Any CPU.ActiveCfg = Release|Any CPU
		{1D46E838-3416-43AB-A141-9CB6DB22C6F6}.Release|Any CPU.Build.0 = Release|Any CPU
	EndGlobalSection
	GlobalSection(SolutionProperties) = preSolution
		HideSolutionNode = FALSE
	EndGlobalSection
	GlobalSection(ExtensibilityGlobals) = postSolution
		SolutionGuid = {9E9A2A04-674B-4C59-912D-A008910C2353}
	EndGlobalSection
EndGlobal
